// !$*UTF8*$!
{
	archiveVersion = 1;
	classes = {
	};
	objectVersion = 46;
	objects = {

/* Begin PBXBuildFile section */
		21DE6E2F1DFEF3000056DFE8 /* main.m in Sources */ = {isa = PBXBuildFile; fileRef = 21DE6E2E1DFEF3000056DFE8 /* main.m */; };
		21DE6E321DFEF3000056DFE8 /* AppDelegate.m in Sources */ = {isa = PBXBuildFile; fileRef = 21DE6E311DFEF3000056DFE8 /* AppDelegate.m */; };
		21DE6E351DFEF3000056DFE8 /* ViewController.m in Sources */ = {isa = PBXBuildFile; fileRef = 21DE6E341DFEF3000056DFE8 /* ViewController.m */; };
		21DE6E381DFEF3000056DFE8 /* Main.storyboard in Resources */ = {isa = PBXBuildFile; fileRef = 21DE6E361DFEF3000056DFE8 /* Main.storyboard */; };
		21DE6E3A1DFEF3000056DFE8 /* Assets.xcassets in Resources */ = {isa = PBXBuildFile; fileRef = 21DE6E391DFEF3000056DFE8 /* Assets.xcassets */; };
		21DE6E3D1DFEF3000056DFE8 /* LaunchScreen.storyboard in Resources */ = {isa = PBXBuildFile; fileRef = 21DE6E3B1DFEF3000056DFE8 /* LaunchScreen.storyboard */; };
		21DE6E481DFEF3000056DFE8 /* BWiOSProjectTests.m in Sources */ = {isa = PBXBuildFile; fileRef = 21DE6E471DFEF3000056DFE8 /* BWiOSProjectTests.m */; };
		21DE6E531DFEF3000056DFE8 /* BWiOSProjectUITests.m in Sources */ = {isa = PBXBuildFile; fileRef = 21DE6E521DFEF3000056DFE8 /* BWiOSProjectUITests.m */; };
/* End PBXBuildFile section */

/* Begin PBXContainerItemProxy section */
		21DE6E441DFEF3000056DFE8 /* PBXContainerItemProxy */ = {
			isa = PBXContainerItemProxy;
			containerPortal = 21DE6E221DFEF3000056DFE8 /* Project object */;
			proxyType = 1;
			remoteGlobalIDString = 21DE6E291DFEF3000056DFE8;
			remoteInfo = BWiOSProject;
		};
		21DE6E4F1DFEF3000056DFE8 /* PBXContainerItemProxy */ = {
			isa = PBXContainerItemProxy;
			containerPortal = 21DE6E221DFEF3000056DFE8 /* Project object */;
			proxyType = 1;
			remoteGlobalIDString = 21DE6E291DFEF3000056DFE8;
			remoteInfo = BWiOSProject;
		};
/* End PBXContainerItemProxy section */

/* Begin PBXFileReference section */
		21DE6E2A1DFEF3000056DFE8 /* BWiOSProject.app */ = {isa = PBXFileReference; explicitFileType = wrapper.application; includeInIndex = 0; path = BWiOSProject.app; sourceTree = BUILT_PRODUCTS_DIR; };
		21DE6E2E1DFEF3000056DFE8 /* main.m */ = {isa = PBXFileReference; lastKnownFileType = sourcecode.c.objc; path = main.m; sourceTree = "<group>"; };
		21DE6E301DFEF3000056DFE8 /* AppDelegate.h */ = {isa = PBXFileReference; lastKnownFileType = sourcecode.c.h; path = AppDelegate.h; sourceTree = "<group>"; };
		21DE6E311DFEF3000056DFE8 /* AppDelegate.m */ = {isa = PBXFileReference; lastKnownFileType = sourcecode.c.objc; path = AppDelegate.m; sourceTree = "<group>"; };
		21DE6E331DFEF3000056DFE8 /* ViewController.h */ = {isa = PBXFileReference; lastKnownFileType = sourcecode.c.h; path = ViewController.h; sourceTree = "<group>"; };
		21DE6E341DFEF3000056DFE8 /* ViewController.m */ = {isa = PBXFileReference; lastKnownFileType = sourcecode.c.objc; path = ViewController.m; sourceTree = "<group>"; };
		21DE6E371DFEF3000056DFE8 /* Base */ = {isa = PBXFileReference; lastKnownFileType = file.storyboard; name = Base; path = Base.lproj/Main.storyboard; sourceTree = "<group>"; };
		21DE6E391DFEF3000056DFE8 /* Assets.xcassets */ = {isa = PBXFileReference; lastKnownFileType = folder.assetcatalog; path = Assets.xcassets; sourceTree = "<group>"; };
		21DE6E3C1DFEF3000056DFE8 /* Base */ = {isa = PBXFileReference; lastKnownFileType = file.storyboard; name = Base; path = Base.lproj/LaunchScreen.storyboard; sourceTree = "<group>"; };
		21DE6E3E1DFEF3000056DFE8 /* Info.plist */ = {isa = PBXFileReference; lastKnownFileType = text.plist.xml; path = Info.plist; sourceTree = "<group>"; };
		21DE6E431DFEF3000056DFE8 /* BWiOSProjectTests.xctest */ = {isa = PBXFileReference; explicitFileType = wrapper.cfbundle; includeInIndex = 0; path = BWiOSProjectTests.xctest; sourceTree = BUILT_PRODUCTS_DIR; };
		21DE6E471DFEF3000056DFE8 /* BWiOSProjectTests.m */ = {isa = PBXFileReference; lastKnownFileType = sourcecode.c.objc; path = BWiOSProjectTests.m; sourceTree = "<group>"; };
		21DE6E491DFEF3000056DFE8 /* Info.plist */ = {isa = PBXFileReference; lastKnownFileType = text.plist.xml; path = Info.plist; sourceTree = "<group>"; };
		21DE6E4E1DFEF3000056DFE8 /* BWiOSProjectUITests.xctest */ = {isa = PBXFileReference; explicitFileType = wrapper.cfbundle; includeInIndex = 0; path = BWiOSProjectUITests.xctest; sourceTree = BUILT_PRODUCTS_DIR; };
		21DE6E521DFEF3000056DFE8 /* BWiOSProjectUITests.m */ = {isa = PBXFileReference; lastKnownFileType = sourcecode.c.objc; path = BWiOSProjectUITests.m; sourceTree = "<group>"; };
		21DE6E541DFEF3000056DFE8 /* Info.plist */ = {isa = PBXFileReference; lastKnownFileType = text.plist.xml; path = Info.plist; sourceTree = "<group>"; };
/* End PBXFileReference section */

/* Begin PBXFrameworksBuildPhase section */
		21DE6E271DFEF3000056DFE8 /* Frameworks */ = {
			isa = PBXFrameworksBuildPhase;
			buildActionMask = 2147483647;
			files = (
			);
			runOnlyForDeploymentPostprocessing = 0;
		};
		21DE6E401DFEF3000056DFE8 /* Frameworks */ = {
			isa = PBXFrameworksBuildPhase;
			buildActionMask = 2147483647;
			files = (
			);
			runOnlyForDeploymentPostprocessing = 0;
		};
		21DE6E4B1DFEF3000056DFE8 /* Frameworks */ = {
			isa = PBXFrameworksBuildPhase;
			buildActionMask = 2147483647;
			files = (
			);
			runOnlyForDeploymentPostprocessing = 0;
		};
/* End PBXFrameworksBuildPhase section */

/* Begin PBXGroup section */
		21DE6E211DFEF3000056DFE8 = {
			isa = PBXGroup;
			children = (
				21DE6E2C1DFEF3000056DFE8 /* BWiOSProject */,
				21DE6E461DFEF3000056DFE8 /* BWiOSProjectTests */,
				21DE6E511DFEF3000056DFE8 /* BWiOSProjectUITests */,
				21DE6E2B1DFEF3000056DFE8 /* Products */,
			);
			sourceTree = "<group>";
		};
		21DE6E2B1DFEF3000056DFE8 /* Products */ = {
			isa = PBXGroup;
			children = (
				21DE6E2A1DFEF3000056DFE8 /* BWiOSProject.app */,
				21DE6E431DFEF3000056DFE8 /* BWiOSProjectTests.xctest */,
				21DE6E4E1DFEF3000056DFE8 /* BWiOSProjectUITests.xctest */,
			);
			name = Products;
			sourceTree = "<group>";
		};
		21DE6E2C1DFEF3000056DFE8 /* BWiOSProject */ = {
			isa = PBXGroup;
			children = (
				21DE6E301DFEF3000056DFE8 /* AppDelegate.h */,
				21DE6E311DFEF3000056DFE8 /* AppDelegate.m */,
				21DE6E331DFEF3000056DFE8 /* ViewController.h */,
				21DE6E341DFEF3000056DFE8 /* ViewController.m */,
				21DE6E361DFEF3000056DFE8 /* Main.storyboard */,
				21DE6E391DFEF3000056DFE8 /* Assets.xcassets */,
				21DE6E3B1DFEF3000056DFE8 /* LaunchScreen.storyboard */,
				21DE6E3E1DFEF3000056DFE8 /* Info.plist */,
				21DE6E2D1DFEF3000056DFE8 /* Supporting Files */,
			);
			path = BWiOSProject;
			sourceTree = "<group>";
		};
		21DE6E2D1DFEF3000056DFE8 /* Supporting Files */ = {
			isa = PBXGroup;
			children = (
				21DE6E2E1DFEF3000056DFE8 /* main.m */,
			);
			name = "Supporting Files";
			sourceTree = "<group>";
		};
		21DE6E461DFEF3000056DFE8 /* BWiOSProjectTests */ = {
			isa = PBXGroup;
			children = (
				21DE6E471DFEF3000056DFE8 /* BWiOSProjectTests.m */,
				21DE6E491DFEF3000056DFE8 /* Info.plist */,
			);
			path = BWiOSProjectTests;
			sourceTree = "<group>";
		};
		21DE6E511DFEF3000056DFE8 /* BWiOSProjectUITests */ = {
			isa = PBXGroup;
			children = (
				21DE6E521DFEF3000056DFE8 /* BWiOSProjectUITests.m */,
				21DE6E541DFEF3000056DFE8 /* Info.plist */,
			);
			path = BWiOSProjectUITests;
			sourceTree = "<group>";
		};
/* End PBXGroup section */

/* Begin PBXNativeTarget section */
		21DE6E291DFEF3000056DFE8 /* BWiOSProject */ = {
			isa = PBXNativeTarget;
			buildConfigurationList = 21DE6E571DFEF3000056DFE8 /* Build configuration list for PBXNativeTarget "BWiOSProject" */;
			buildPhases = (
				21DE6E261DFEF3000056DFE8 /* Sources */,
				21DE6E271DFEF3000056DFE8 /* Frameworks */,
				21DE6E281DFEF3000056DFE8 /* Resources */,
			);
			buildRules = (
			);
			dependencies = (
			);
			name = BWiOSProject;
			productName = BWiOSProject;
			productReference = 21DE6E2A1DFEF3000056DFE8 /* BWiOSProject.app */;
			productType = "com.apple.product-type.application";
		};
		21DE6E421DFEF3000056DFE8 /* BWiOSProjectTests */ = {
			isa = PBXNativeTarget;
			buildConfigurationList = 21DE6E5A1DFEF3000056DFE8 /* Build configuration list for PBXNativeTarget "BWiOSProjectTests" */;
			buildPhases = (
				21DE6E3F1DFEF3000056DFE8 /* Sources */,
				21DE6E401DFEF3000056DFE8 /* Frameworks */,
				21DE6E411DFEF3000056DFE8 /* Resources */,
			);
			buildRules = (
			);
			dependencies = (
				21DE6E451DFEF3000056DFE8 /* PBXTargetDependency */,
			);
			name = BWiOSProjectTests;
			productName = BWiOSProjectTests;
			productReference = 21DE6E431DFEF3000056DFE8 /* BWiOSProjectTests.xctest */;
			productType = "com.apple.product-type.bundle.unit-test";
		};
		21DE6E4D1DFEF3000056DFE8 /* BWiOSProjectUITests */ = {
			isa = PBXNativeTarget;
			buildConfigurationList = 21DE6E5D1DFEF3000056DFE8 /* Build configuration list for PBXNativeTarget "BWiOSProjectUITests" */;
			buildPhases = (
				21DE6E4A1DFEF3000056DFE8 /* Sources */,
				21DE6E4B1DFEF3000056DFE8 /* Frameworks */,
				21DE6E4C1DFEF3000056DFE8 /* Resources */,
			);
			buildRules = (
			);
			dependencies = (
				21DE6E501DFEF3000056DFE8 /* PBXTargetDependency */,
			);
			name = BWiOSProjectUITests;
			productName = BWiOSProjectUITests;
			productReference = 21DE6E4E1DFEF3000056DFE8 /* BWiOSProjectUITests.xctest */;
			productType = "com.apple.product-type.bundle.ui-testing";
		};
/* End PBXNativeTarget section */

/* Begin PBXProject section */
		21DE6E221DFEF3000056DFE8 /* Project object */ = {
			isa = PBXProject;
			attributes = {
				LastUpgradeCheck = 0810;
				ORGANIZATIONNAME = "Bob Wong Studio";
				TargetAttributes = {
					21DE6E291DFEF3000056DFE8 = {
						CreatedOnToolsVersion = 8.1;
						DevelopmentTeam = 5FC7UQ7KFZ;
						ProvisioningStyle = Automatic;
					};
					21DE6E421DFEF3000056DFE8 = {
						CreatedOnToolsVersion = 8.1;
						DevelopmentTeam = 5FC7UQ7KFZ;
						ProvisioningStyle = Automatic;
						TestTargetID = 21DE6E291DFEF3000056DFE8;
					};
					21DE6E4D1DFEF3000056DFE8 = {
						CreatedOnToolsVersion = 8.1;
						DevelopmentTeam = 5FC7UQ7KFZ;
						ProvisioningStyle = Automatic;
						TestTargetID = 21DE6E291DFEF3000056DFE8;
					};
				};
			};
			buildConfigurationList = 21DE6E251DFEF3000056DFE8 /* Build configuration list for PBXProject "BWiOSProject" */;
			compatibilityVersion = "Xcode 3.2";
			developmentRegion = English;
			hasScannedForEncodings = 0;
			knownRegions = (
				en,
				Base,
			);
			mainGroup = 21DE6E211DFEF3000056DFE8;
			productRefGroup = 21DE6E2B1DFEF3000056DFE8 /* Products */;
			projectDirPath = "";
			projectRoot = "";
			targets = (
				21DE6E291DFEF3000056DFE8 /* BWiOSProject */,
				21DE6E421DFEF3000056DFE8 /* BWiOSProjectTests */,
				21DE6E4D1DFEF3000056DFE8 /* BWiOSProjectUITests */,
			);
		};
/* End PBXProject section */

/* Begin PBXResourcesBuildPhase section */
		21DE6E281DFEF3000056DFE8 /* Resources */ = {
			isa = PBXResourcesBuildPhase;
			buildActionMask = 2147483647;
			files = (
				21DE6E3D1DFEF3000056DFE8 /* LaunchScreen.storyboard in Resources */,
				21DE6E3A1DFEF3000056DFE8 /* Assets.xcassets in Resources */,
				21DE6E381DFEF3000056DFE8 /* Main.storyboard in Resources */,
			);
			runOnlyForDeploymentPostprocessing = 0;
		};
		21DE6E411DFEF3000056DFE8 /* Resources */ = {
			isa = PBXResourcesBuildPhase;
			buildActionMask = 2147483647;
			files = (
			);
			runOnlyForDeploymentPostprocessing = 0;
		};
		21DE6E4C1DFEF3000056DFE8 /* Resources */ = {
			isa = PBXResourcesBuildPhase;
			buildActionMask = 2147483647;
			files = (
			);
			runOnlyForDeploymentPostprocessing = 0;
		};
/* End PBXResourcesBuildPhase section */

/* Begin PBXSourcesBuildPhase section */
		21DE6E261DFEF3000056DFE8 /* Sources */ = {
			isa = PBXSourcesBuildPhase;
			buildActionMask = 2147483647;
			files = (
				21DE6E351DFEF3000056DFE8 /* ViewController.m in Sources */,
				21DE6E321DFEF3000056DFE8 /* AppDelegate.m in Sources */,
				21DE6E2F1DFEF3000056DFE8 /* main.m in Sources */,
			);
			runOnlyForDeploymentPostprocessing = 0;
		};
		21DE6E3F1DFEF3000056DFE8 /* Sources */ = {
			isa = PBXSourcesBuildPhase;
			buildActionMask = 2147483647;
			files = (
				21DE6E481DFEF3000056DFE8 /* BWiOSProjectTests.m in Sources */,
			);
			runOnlyForDeploymentPostprocessing = 0;
		};
		21DE6E4A1DFEF3000056DFE8 /* Sources */ = {
			isa = PBXSourcesBuildPhase;
			buildActionMask = 2147483647;
			files = (
				21DE6E531DFEF3000056DFE8 /* BWiOSProjectUITests.m in Sources */,
			);
			runOnlyForDeploymentPostprocessing = 0;
		};
/* End PBXSourcesBuildPhase section */

/* Begin PBXTargetDependency section */
		21DE6E451DFEF3000056DFE8 /* PBXTargetDependency */ = {
			isa = PBXTargetDependency;
			target = 21DE6E291DFEF3000056DFE8 /* BWiOSProject */;
			targetProxy = 21DE6E441DFEF3000056DFE8 /* PBXContainerItemProxy */;
		};
		21DE6E501DFEF3000056DFE8 /* PBXTargetDependency */ = {
			isa = PBXTargetDependency;
			target = 21DE6E291DFEF3000056DFE8 /* BWiOSProject */;
			targetProxy = 21DE6E4F1DFEF3000056DFE8 /* PBXContainerItemProxy */;
		};
/* End PBXTargetDependency section */

/* Begin PBXVariantGroup section */
		21DE6E361DFEF3000056DFE8 /* Main.storyboard */ = {
			isa = PBXVariantGroup;
			children = (
				21DE6E371DFEF3000056DFE8 /* Base */,
			);
			name = Main.storyboard;
			sourceTree = "<group>";
		};
		21DE6E3B1DFEF3000056DFE8 /* LaunchScreen.storyboard */ = {
			isa = PBXVariantGroup;
			children = (
				21DE6E3C1DFEF3000056DFE8 /* Base */,
			);
			name = LaunchScreen.storyboard;
			sourceTree = "<group>";
		};
/* End PBXVariantGroup section */

/* Begin XCBuildConfiguration section */
		21DE6E551DFEF3000056DFE8 /* Debug */ = {
			isa = XCBuildConfiguration;
			buildSettings = {
				ALWAYS_SEARCH_USER_PATHS = NO;
				CLANG_ANALYZER_NONNULL = YES;
				CLANG_CXX_LANGUAGE_STANDARD = "gnu++0x";
				CLANG_CXX_LIBRARY = "libc++";
				CLANG_ENABLE_MODULES = YES;
				CLANG_ENABLE_OBJC_ARC = YES;
				CLANG_WARN_BOOL_CONVERSION = YES;
				CLANG_WARN_CONSTANT_CONVERSION = YES;
				CLANG_WARN_DIRECT_OBJC_ISA_USAGE = YES_ERROR;
				CLANG_WARN_DOCUMENTATION_COMMENTS = YES;
				CLANG_WARN_EMPTY_BODY = YES;
				CLANG_WARN_ENUM_CONVERSION = YES;
				CLANG_WARN_INFINITE_RECURSION = YES;
				CLANG_WARN_INT_CONVERSION = YES;
				CLANG_WARN_OBJC_ROOT_CLASS = YES_ERROR;
				CLANG_WARN_SUSPICIOUS_MOVES = YES;
				CLANG_WARN_UNREACHABLE_CODE = YES;
				CLANG_WARN__DUPLICATE_METHOD_MATCH = YES;
				"CODE_SIGN_IDENTITY[sdk=iphoneos*]" = "iPhone Developer";
				COPY_PHASE_STRIP = NO;
				DEBUG_INFORMATION_FORMAT = dwarf;
				ENABLE_STRICT_OBJC_MSGSEND = YES;
				ENABLE_TESTABILITY = YES;
				GCC_C_LANGUAGE_STANDARD = gnu99;
				GCC_DYNAMIC_NO_PIC = NO;
				GCC_NO_COMMON_BLOCKS = YES;
				GCC_OPTIMIZATION_LEVEL = 0;
				GCC_PREPROCESSOR_DEFINITIONS = (
					"DEBUG=1",
					"$(inherited)",
				);
				GCC_WARN_64_TO_32_BIT_CONVERSION = YES;
				GCC_WARN_ABOUT_RETURN_TYPE = YES_ERROR;
				GCC_WARN_UNDECLARED_SELECTOR = YES;
				GCC_WARN_UNINITIALIZED_AUTOS = YES_AGGRESSIVE;
				GCC_WARN_UNUSED_FUNCTION = YES;
				GCC_WARN_UNUSED_VARIABLE = YES;
				IPHONEOS_DEPLOYMENT_TARGET = 10.1;
				MTL_ENABLE_DEBUG_INFO = YES;
				ONLY_ACTIVE_ARCH = YES;
				SDKROOT = iphoneos;
			};
			name = Debug;
		};
		21DE6E561DFEF3000056DFE8 /* Release */ = {
			isa = XCBuildConfiguration;
			buildSettings = {
				ALWAYS_SEARCH_USER_PATHS = NO;
				CLANG_ANALYZER_NONNULL = YES;
				CLANG_CXX_LANGUAGE_STANDARD = "gnu++0x";
				CLANG_CXX_LIBRARY = "libc++";
				CLANG_ENABLE_MODULES = YES;
				CLANG_ENABLE_OBJC_ARC = YES;
				CLANG_WARN_BOOL_CONVERSION = YES;
				CLANG_WARN_CONSTANT_CONVERSION = YES;
				CLANG_WARN_DIRECT_OBJC_ISA_USAGE = YES_ERROR;
				CLANG_WARN_DOCUMENTATION_COMMENTS = YES;
				CLANG_WARN_EMPTY_BODY = YES;
				CLANG_WARN_ENUM_CONVERSION = YES;
				CLANG_WARN_INFINITE_RECURSION = YES;
				CLANG_WARN_INT_CONVERSION = YES;
				CLANG_WARN_OBJC_ROOT_CLASS = YES_ERROR;
				CLANG_WARN_SUSPICIOUS_MOVES = YES;
				CLANG_WARN_UNREACHABLE_CODE = YES;
				CLANG_WARN__DUPLICATE_METHOD_MATCH = YES;
				"CODE_SIGN_IDENTITY[sdk=iphoneos*]" = "iPhone Developer";
				COPY_PHASE_STRIP = NO;
				DEBUG_INFORMATION_FORMAT = "dwarf-with-dsym";
				ENABLE_NS_ASSERTIONS = NO;
				ENABLE_STRICT_OBJC_MSGSEND = YES;
				GCC_C_LANGUAGE_STANDARD = gnu99;
				GCC_NO_COMMON_BLOCKS = YES;
				GCC_WARN_64_TO_32_BIT_CONVERSION = YES;
				GCC_WARN_ABOUT_RETURN_TYPE = YES_ERROR;
				GCC_WARN_UNDECLARED_SELECTOR = YES;
				GCC_WARN_UNINITIALIZED_AUTOS = YES_AGGRESSIVE;
				GCC_WARN_UNUSED_FUNCTION = YES;
				GCC_WARN_UNUSED_VARIABLE = YES;
				IPHONEOS_DEPLOYMENT_TARGET = 10.1;
				MTL_ENABLE_DEBUG_INFO = NO;
				SDKROOT = iphoneos;
				VALIDATE_PRODUCT = YES;
			};
			name = Release;
		};
		21DE6E581DFEF3000056DFE8 /* Debug */ = {
			isa = XCBuildConfiguration;
			buildSettings = {
				ASSETCATALOG_COMPILER_APPICON_NAME = AppIcon;
				DEVELOPMENT_TEAM = 5FC7UQ7KFZ;
				INFOPLIST_FILE = BWiOSProject/Info.plist;
				LD_RUNPATH_SEARCH_PATHS = "$(inherited) @executable_path/Frameworks";
				PRODUCT_BUNDLE_IDENTIFIER = com.bws.BWiOSProject;
				PRODUCT_NAME = "$(TARGET_NAME)";
			};
			name = Debug;
		};
		21DE6E591DFEF3000056DFE8 /* Release */ = {
			isa = XCBuildConfiguration;
			buildSettings = {
				ASSETCATALOG_COMPILER_APPICON_NAME = AppIcon;
				DEVELOPMENT_TEAM = 5FC7UQ7KFZ;
				INFOPLIST_FILE = BWiOSProject/Info.plist;
				LD_RUNPATH_SEARCH_PATHS = "$(inherited) @executable_path/Frameworks";
				PRODUCT_BUNDLE_IDENTIFIER = com.bws.BWiOSProject;
				PRODUCT_NAME = "$(TARGET_NAME)";
			};
			name = Release;
		};
		21DE6E5B1DFEF3000056DFE8 /* Debug */ = {
			isa = XCBuildConfiguration;
			buildSettings = {
				BUNDLE_LOADER = "$(TEST_HOST)";
				DEVELOPMENT_TEAM = 5FC7UQ7KFZ;
				INFOPLIST_FILE = BWiOSProjectTests/Info.plist;
				LD_RUNPATH_SEARCH_PATHS = "$(inherited) @executable_path/Frameworks @loader_path/Frameworks";
				PRODUCT_BUNDLE_IDENTIFIER = com.bws.BWiOSProjectTests;
				PRODUCT_NAME = "$(TARGET_NAME)";
				TEST_HOST = "$(BUILT_PRODUCTS_DIR)/BWiOSProject.app/BWiOSProject";
			};
			name = Debug;
		};
		21DE6E5C1DFEF3000056DFE8 /* Release */ = {
			isa = XCBuildConfiguration;
			buildSettings = {
				BUNDLE_LOADER = "$(TEST_HOST)";
				DEVELOPMENT_TEAM = 5FC7UQ7KFZ;
				INFOPLIST_FILE = BWiOSProjectTests/Info.plist;
				LD_RUNPATH_SEARCH_PATHS = "$(inherited) @executable_path/Frameworks @loader_path/Frameworks";
				PRODUCT_BUNDLE_IDENTIFIER = com.bws.BWiOSProjectTests;
				PRODUCT_NAME = "$(TARGET_NAME)";
				TEST_HOST = "$(BUILT_PRODUCTS_DIR)/BWiOSProject.app/BWiOSProject";
			};
			name = Release;
		};
		21DE6E5E1DFEF3000056DFE8 /* Debug */ = {
			isa = XCBuildConfiguration;
			buildSettings = {
				DEVELOPMENT_TEAM = 5FC7UQ7KFZ;
				INFOPLIST_FILE = BWiOSProjectUITests/Info.plist;
				LD_RUNPATH_SEARCH_PATHS = "$(inherited) @executable_path/Frameworks @loader_path/Frameworks";
				PRODUCT_BUNDLE_IDENTIFIER = com.bws.BWiOSProjectUITests;
				PRODUCT_NAME = "$(TARGET_NAME)";
				TEST_TARGET_NAME = BWiOSProject;
			};
			name = Debug;
		};
		21DE6E5F1DFEF3000056DFE8 /* Release */ = {
			isa = XCBuildConfiguration;
			buildSettings = {
				DEVELOPMENT_TEAM = 5FC7UQ7KFZ;
				INFOPLIST_FILE = BWiOSProjectUITests/Info.plist;
				LD_RUNPATH_SEARCH_PATHS = "$(inherited) @executable_path/Frameworks @loader_path/Frameworks";
				PRODUCT_BUNDLE_IDENTIFIER = com.bws.BWiOSProjectUITests;
				PRODUCT_NAME = "$(TARGET_NAME)";
				TEST_TARGET_NAME = BWiOSProject;
			};
			name = Release;
		};
/* End XCBuildConfiguration section */

/* Begin XCConfigurationList section */
		21DE6E251DFEF3000056DFE8 /* Build configuration list for PBXProject "BWiOSProject" */ = {
			isa = XCConfigurationList;
			buildConfigurations = (
				21DE6E551DFEF3000056DFE8 /* Debug */,
				21DE6E561DFEF3000056DFE8 /* Release */,
			);
			defaultConfigurationIsVisible = 0;
			defaultConfigurationName = Release;
		};
		21DE6E571DFEF3000056DFE8 /* Build configuration list for PBXNativeTarget "BWiOSProject" */ = {
			isa = XCConfigurationList;
			buildConfigurations = (
				21DE6E581DFEF3000056DFE8 /* Debug */,
				21DE6E591DFEF3000056DFE8 /* Release */,
			);
			defaultConfigurationIsVisible = 0;
		};
		21DE6E5A1DFEF3000056DFE8 /* Build configuration list for PBXNativeTarget "BWiOSProjectTests" */ = {
			isa = XCConfigurationList;
			buildConfigurations = (
				21DE6E5B1DFEF3000056DFE8 /* Debug */,
				21DE6E5C1DFEF3000056DFE8 /* Release */,
			);
			defaultConfigurationIsVisible = 0;
		};
		21DE6E5D1DFEF3000056DFE8 /* Build configuration list for PBXNativeTarget "BWiOSProjectUITests" */ = {
			isa = XCConfigurationList;
			buildConfigurations = (
				21DE6E5E1DFEF3000056DFE8 /* Debug */,
				21DE6E5F1DFEF3000056DFE8 /* Release */,
			);
			defaultConfigurationIsVisible = 0;
		};
/* End XCConfigurationList section */
	};
	rootObject = 21DE6E221DFEF3000056DFE8 /* Project object */;
}
