// !$*UTF8*$!
{
	archiveVersion = 1;
	classes = {
	};
	objectVersion = 46;
	objects = {

/* Begin PBXBuildFile section */
		B485ED311E2E0D7200CA4197 /* BWScriptTool.swift in Sources */ = {isa = PBXBuildFile; fileRef = B485ED301E2E0D7200CA4197 /* BWScriptTool.swift */; };
		B485ED341E2E11B600CA4197 /* BWFileSystemTool.swift in Sources */ = {isa = PBXBuildFile; fileRef = B485ED331E2E11B600CA4197 /* BWFileSystemTool.swift */; };
		B4B81CE61E28C3FF005D6E0A /* AppDelegate.swift in Sources */ = {isa = PBXBuildFile; fileRef = B4B81CE51E28C3FF005D6E0A /* AppDelegate.swift */; };
		B4B81CEA1E28C3FF005D6E0A /* Assets.xcassets in Resources */ = {isa = PBXBuildFile; fileRef = B4B81CE91E28C3FF005D6E0A /* Assets.xcassets */; };
		B4B81CED1E28C3FF005D6E0A /* Main.storyboard in Resources */ = {isa = PBXBuildFile; fileRef = B4B81CEB1E28C3FF005D6E0A /* Main.storyboard */; };
		B4B81CF81E28C400005D6E0A /* BWiOSDevelopmentToolsSwiftTests.swift in Sources */ = {isa = PBXBuildFile; fileRef = B4B81CF71E28C400005D6E0A /* BWiOSDevelopmentToolsSwiftTests.swift */; };
		B4B81D031E28C400005D6E0A /* BWiOSDevelopmentToolsSwiftUITests.swift in Sources */ = {isa = PBXBuildFile; fileRef = B4B81D021E28C400005D6E0A /* BWiOSDevelopmentToolsSwiftUITests.swift */; };
		B4B81D5B1E28C71D005D6E0A /* generator_mvc.py in Resources */ = {isa = PBXBuildFile; fileRef = B4B81D361E28C71D005D6E0A /* generator_mvc.py */; };
		B4B81D5E1E28C71D005D6E0A /* generator_ui_oc_.py in Resources */ = {isa = PBXBuildFile; fileRef = B4B81D3B1E28C71D005D6E0A /* generator_ui_oc_.py */; };
		B4B81D611E28C71D005D6E0A /* BWMainVC.swift in Sources */ = {isa = PBXBuildFile; fileRef = B4B81D421E28C71D005D6E0A /* BWMainVC.swift */; };
		B4B81D621E28C71D005D6E0A /* BWMVCGeneratorVC.swift in Sources */ = {isa = PBXBuildFile; fileRef = B4B81D471E28C71D005D6E0A /* BWMVCGeneratorVC.swift */; };
		B4B81D631E28C71D005D6E0A /* BWUIPropertyGeneratorVC.swift in Sources */ = {isa = PBXBuildFile; fileRef = B4B81D4C1E28C71D005D6E0A /* BWUIPropertyGeneratorVC.swift */; };
/* End PBXBuildFile section */

/* Begin PBXContainerItemProxy section */
		B4B81CF41E28C3FF005D6E0A /* PBXContainerItemProxy */ = {
			isa = PBXContainerItemProxy;
			containerPortal = B4B81CDA1E28C3FF005D6E0A /* Project object */;
			proxyType = 1;
			remoteGlobalIDString = B4B81CE11E28C3FF005D6E0A;
			remoteInfo = BWiOSDevelopmentToolsSwift;
		};
		B4B81CFF1E28C400005D6E0A /* PBXContainerItemProxy */ = {
			isa = PBXContainerItemProxy;
			containerPortal = B4B81CDA1E28C3FF005D6E0A /* Project object */;
			proxyType = 1;
			remoteGlobalIDString = B4B81CE11E28C3FF005D6E0A;
			remoteInfo = BWiOSDevelopmentToolsSwift;
		};
/* End PBXContainerItemProxy section */

/* Begin PBXFileReference section */
		B485ED301E2E0D7200CA4197 /* BWScriptTool.swift */ = {isa = PBXFileReference; fileEncoding = 4; lastKnownFileType = sourcecode.swift; path = BWScriptTool.swift; sourceTree = "<group>"; };
		B485ED331E2E11B600CA4197 /* BWFileSystemTool.swift */ = {isa = PBXFileReference; fileEncoding = 4; lastKnownFileType = sourcecode.swift; path = BWFileSystemTool.swift; sourceTree = "<group>"; };
		B4B81CE21E28C3FF005D6E0A /* BWiOSDevelopmentToolsSwift.app */ = {isa = PBXFileReference; explicitFileType = wrapper.application; includeInIndex = 0; path = BWiOSDevelopmentToolsSwift.app; sourceTree = BUILT_PRODUCTS_DIR; };
		B4B81CE51E28C3FF005D6E0A /* AppDelegate.swift */ = {isa = PBXFileReference; lastKnownFileType = sourcecode.swift; path = AppDelegate.swift; sourceTree = "<group>"; };
		B4B81CE91E28C3FF005D6E0A /* Assets.xcassets */ = {isa = PBXFileReference; lastKnownFileType = folder.assetcatalog; path = Assets.xcassets; sourceTree = "<group>"; };
		B4B81CEC1E28C3FF005D6E0A /* Base */ = {isa = PBXFileReference; lastKnownFileType = file.storyboard; name = Base; path = Base.lproj/Main.storyboard; sourceTree = "<group>"; };
		B4B81CEE1E28C3FF005D6E0A /* Info.plist */ = {isa = PBXFileReference; lastKnownFileType = text.plist.xml; path = Info.plist; sourceTree = "<group>"; };
		B4B81CF31E28C3FF005D6E0A /* BWiOSDevelopmentToolsSwiftTests.xctest */ = {isa = PBXFileReference; explicitFileType = wrapper.cfbundle; includeInIndex = 0; path = BWiOSDevelopmentToolsSwiftTests.xctest; sourceTree = BUILT_PRODUCTS_DIR; };
		B4B81CF71E28C400005D6E0A /* BWiOSDevelopmentToolsSwiftTests.swift */ = {isa = PBXFileReference; lastKnownFileType = sourcecode.swift; path = BWiOSDevelopmentToolsSwiftTests.swift; sourceTree = "<group>"; };
		B4B81CF91E28C400005D6E0A /* Info.plist */ = {isa = PBXFileReference; lastKnownFileType = text.plist.xml; path = Info.plist; sourceTree = "<group>"; };
		B4B81CFE1E28C400005D6E0A /* BWiOSDevelopmentToolsSwiftUITests.xctest */ = {isa = PBXFileReference; explicitFileType = wrapper.cfbundle; includeInIndex = 0; path = BWiOSDevelopmentToolsSwiftUITests.xctest; sourceTree = BUILT_PRODUCTS_DIR; };
		B4B81D021E28C400005D6E0A /* BWiOSDevelopmentToolsSwiftUITests.swift */ = {isa = PBXFileReference; lastKnownFileType = sourcecode.swift; path = BWiOSDevelopmentToolsSwiftUITests.swift; sourceTree = "<group>"; };
		B4B81D041E28C400005D6E0A /* Info.plist */ = {isa = PBXFileReference; lastKnownFileType = text.plist.xml; path = Info.plist; sourceTree = "<group>"; };
		B4B81D361E28C71D005D6E0A /* generator_mvc.py */ = {isa = PBXFileReference; fileEncoding = 4; lastKnownFileType = text.script.python; path = generator_mvc.py; sourceTree = "<group>"; };
		B4B81D3B1E28C71D005D6E0A /* generator_ui_oc_.py */ = {isa = PBXFileReference; fileEncoding = 4; lastKnownFileType = text.script.python; path = generator_ui_oc_.py; sourceTree = "<group>"; };
		B4B81D421E28C71D005D6E0A /* BWMainVC.swift */ = {isa = PBXFileReference; fileEncoding = 4; lastKnownFileType = sourcecode.swift; path = BWMainVC.swift; sourceTree = "<group>"; };
		B4B81D471E28C71D005D6E0A /* BWMVCGeneratorVC.swift */ = {isa = PBXFileReference; fileEncoding = 4; lastKnownFileType = sourcecode.swift; path = BWMVCGeneratorVC.swift; sourceTree = "<group>"; };
		B4B81D4C1E28C71D005D6E0A /* BWUIPropertyGeneratorVC.swift */ = {isa = PBXFileReference; fileEncoding = 4; lastKnownFileType = sourcecode.swift; path = BWUIPropertyGeneratorVC.swift; sourceTree = "<group>"; };
		B4B81D641E28D1B2005D6E0A /* mvc_source_all.txt */ = {isa = PBXFileReference; fileEncoding = 4; lastKnownFileType = text; path = mvc_source_all.txt; sourceTree = "<group>"; };
/* End PBXFileReference section */

/* Begin PBXFrameworksBuildPhase section */
		B4B81CDF1E28C3FF005D6E0A /* Frameworks */ = {
			isa = PBXFrameworksBuildPhase;
			buildActionMask = 2147483647;
			files = (
			);
			runOnlyForDeploymentPostprocessing = 0;
		};
		B4B81CF01E28C3FF005D6E0A /* Frameworks */ = {
			isa = PBXFrameworksBuildPhase;
			buildActionMask = 2147483647;
			files = (
			);
			runOnlyForDeploymentPostprocessing = 0;
		};
		B4B81CFB1E28C400005D6E0A /* Frameworks */ = {
			isa = PBXFrameworksBuildPhase;
			buildActionMask = 2147483647;
			files = (
			);
			runOnlyForDeploymentPostprocessing = 0;
		};
/* End PBXFrameworksBuildPhase section */

/* Begin PBXGroup section */
		B485ED2C1E2E0CE500CA4197 /* Common */ = {
			isa = PBXGroup;
			children = (
				B485ED321E2E11A700CA4197 /* FileSystemTool */,
				B485ED2D1E2E0D1900CA4197 /* ScriptTool */,
			);
			path = Common;
			sourceTree = "<group>";
		};
		B485ED2D1E2E0D1900CA4197 /* ScriptTool */ = {
			isa = PBXGroup;
			children = (
				B485ED301E2E0D7200CA4197 /* BWScriptTool.swift */,
			);
			path = ScriptTool;
			sourceTree = "<group>";
		};
		B485ED321E2E11A700CA4197 /* FileSystemTool */ = {
			isa = PBXGroup;
			children = (
				B485ED331E2E11B600CA4197 /* BWFileSystemTool.swift */,
			);
			path = FileSystemTool;
			sourceTree = "<group>";
		};
		B4B81CD91E28C3FF005D6E0A = {
			isa = PBXGroup;
			children = (
				B4B81CE41E28C3FF005D6E0A /* BWiOSDevelopmentToolsSwift */,
				B4B81CF61E28C3FF005D6E0A /* BWiOSDevelopmentToolsSwiftTests */,
				B4B81D011E28C400005D6E0A /* BWiOSDevelopmentToolsSwiftUITests */,
				B4B81CE31E28C3FF005D6E0A /* Products */,
			);
			sourceTree = "<group>";
		};
		B4B81CE31E28C3FF005D6E0A /* Products */ = {
			isa = PBXGroup;
			children = (
				B4B81CE21E28C3FF005D6E0A /* BWiOSDevelopmentToolsSwift.app */,
				B4B81CF31E28C3FF005D6E0A /* BWiOSDevelopmentToolsSwiftTests.xctest */,
				B4B81CFE1E28C400005D6E0A /* BWiOSDevelopmentToolsSwiftUITests.xctest */,
			);
			name = Products;
			sourceTree = "<group>";
		};
		B4B81CE41E28C3FF005D6E0A /* BWiOSDevelopmentToolsSwift */ = {
			isa = PBXGroup;
			children = (
				B4B81CE51E28C3FF005D6E0A /* AppDelegate.swift */,
				B4B81CEB1E28C3FF005D6E0A /* Main.storyboard */,
				B4B81D101E28C71D005D6E0A /* Generator */,
				B4B81D3F1E28C71D005D6E0A /* MVC */,
				B485ED2C1E2E0CE500CA4197 /* Common */,
				B4B81CE91E28C3FF005D6E0A /* Assets.xcassets */,
				B4B81CEE1E28C3FF005D6E0A /* Info.plist */,
			);
			path = BWiOSDevelopmentToolsSwift;
			sourceTree = "<group>";
		};
		B4B81CF61E28C3FF005D6E0A /* BWiOSDevelopmentToolsSwiftTests */ = {
			isa = PBXGroup;
			children = (
				B4B81CF71E28C400005D6E0A /* BWiOSDevelopmentToolsSwiftTests.swift */,
				B4B81CF91E28C400005D6E0A /* Info.plist */,
			);
			path = BWiOSDevelopmentToolsSwiftTests;
			sourceTree = "<group>";
		};
		B4B81D011E28C400005D6E0A /* BWiOSDevelopmentToolsSwiftUITests */ = {
			isa = PBXGroup;
			children = (
				B4B81D021E28C400005D6E0A /* BWiOSDevelopmentToolsSwiftUITests.swift */,
				B4B81D041E28C400005D6E0A /* Info.plist */,
			);
			path = BWiOSDevelopmentToolsSwiftUITests;
			sourceTree = "<group>";
		};
		B4B81D101E28C71D005D6E0A /* Generator */ = {
			isa = PBXGroup;
			children = (
				B4B81D111E28C71D005D6E0A /* MVC */,
				B4B81D3A1E28C71D005D6E0A /* SetupUI */,
			);
			path = Generator;
			sourceTree = "<group>";
		};
		B4B81D111E28C71D005D6E0A /* MVC */ = {
			isa = PBXGroup;
			children = (
				B4B81D641E28D1B2005D6E0A /* mvc_source_all.txt */,
				B4B81D361E28C71D005D6E0A /* generator_mvc.py */,
			);
			path = MVC;
			sourceTree = "<group>";
		};
		B4B81D3A1E28C71D005D6E0A /* SetupUI */ = {
			isa = PBXGroup;
			children = (
				B4B81D3B1E28C71D005D6E0A /* generator_ui_oc_.py */,
			);
			path = SetupUI;
			sourceTree = "<group>";
		};
		B4B81D3F1E28C71D005D6E0A /* MVC */ = {
			isa = PBXGroup;
			children = (
				B4B81D401E28C71D005D6E0A /* Main */,
				B4B81D451E28C71D005D6E0A /* MVCGenerator */,
				B4B81D4A1E28C71D005D6E0A /* UIPropertyGenerator */,
			);
			path = MVC;
			sourceTree = "<group>";
		};
		B4B81D401E28C71D005D6E0A /* Main */ = {
			isa = PBXGroup;
			children = (
				B4B81D411E28C71D005D6E0A /* Controller */,
				B4B81D431E28C71D005D6E0A /* Model */,
				B4B81D441E28C71D005D6E0A /* View */,
			);
			path = Main;
			sourceTree = "<group>";
		};
		B4B81D411E28C71D005D6E0A /* Controller */ = {
			isa = PBXGroup;
			children = (
				B4B81D421E28C71D005D6E0A /* BWMainVC.swift */,
			);
			path = Controller;
			sourceTree = "<group>";
		};
		B4B81D431E28C71D005D6E0A /* Model */ = {
			isa = PBXGroup;
			children = (
			);
			path = Model;
			sourceTree = "<group>";
		};
		B4B81D441E28C71D005D6E0A /* View */ = {
			isa = PBXGroup;
			children = (
			);
			path = View;
			sourceTree = "<group>";
		};
		B4B81D451E28C71D005D6E0A /* MVCGenerator */ = {
			isa = PBXGroup;
			children = (
				B4B81D461E28C71D005D6E0A /* Controller */,
				B4B81D481E28C71D005D6E0A /* Model */,
				B4B81D491E28C71D005D6E0A /* View */,
			);
			path = MVCGenerator;
			sourceTree = "<group>";
		};
		B4B81D461E28C71D005D6E0A /* Controller */ = {
			isa = PBXGroup;
			children = (
				B4B81D471E28C71D005D6E0A /* BWMVCGeneratorVC.swift */,
			);
			path = Controller;
			sourceTree = "<group>";
		};
		B4B81D481E28C71D005D6E0A /* Model */ = {
			isa = PBXGroup;
			children = (
			);
			path = Model;
			sourceTree = "<group>";
		};
		B4B81D491E28C71D005D6E0A /* View */ = {
			isa = PBXGroup;
			children = (
			);
			path = View;
			sourceTree = "<group>";
		};
		B4B81D4A1E28C71D005D6E0A /* UIPropertyGenerator */ = {
			isa = PBXGroup;
			children = (
				B4B81D4B1E28C71D005D6E0A /* Controller */,
				B4B81D4D1E28C71D005D6E0A /* Model */,
				B4B81D4E1E28C71D005D6E0A /* View */,
			);
			path = UIPropertyGenerator;
			sourceTree = "<group>";
		};
		B4B81D4B1E28C71D005D6E0A /* Controller */ = {
			isa = PBXGroup;
			children = (
				B4B81D4C1E28C71D005D6E0A /* BWUIPropertyGeneratorVC.swift */,
			);
			path = Controller;
			sourceTree = "<group>";
		};
		B4B81D4D1E28C71D005D6E0A /* Model */ = {
			isa = PBXGroup;
			children = (
			);
			path = Model;
			sourceTree = "<group>";
		};
		B4B81D4E1E28C71D005D6E0A /* View */ = {
			isa = PBXGroup;
			children = (
			);
			path = View;
			sourceTree = "<group>";
		};
/* End PBXGroup section */

/* Begin PBXNativeTarget section */
		B4B81CE11E28C3FF005D6E0A /* BWiOSDevelopmentToolsSwift */ = {
			isa = PBXNativeTarget;
			buildConfigurationList = B4B81D071E28C400005D6E0A /* Build configuration list for PBXNativeTarget "BWiOSDevelopmentToolsSwift" */;
			buildPhases = (
				B4B81CDE1E28C3FF005D6E0A /* Sources */,
				B4B81CDF1E28C3FF005D6E0A /* Frameworks */,
				B4B81CE01E28C3FF005D6E0A /* Resources */,
			);
			buildRules = (
			);
			dependencies = (
			);
			name = BWiOSDevelopmentToolsSwift;
			productName = BWiOSDevelopmentToolsSwift;
			productReference = B4B81CE21E28C3FF005D6E0A /* BWiOSDevelopmentToolsSwift.app */;
			productType = "com.apple.product-type.application";
		};
		B4B81CF21E28C3FF005D6E0A /* BWiOSDevelopmentToolsSwiftTests */ = {
			isa = PBXNativeTarget;
			buildConfigurationList = B4B81D0A1E28C400005D6E0A /* Build configuration list for PBXNativeTarget "BWiOSDevelopmentToolsSwiftTests" */;
			buildPhases = (
				B4B81CEF1E28C3FF005D6E0A /* Sources */,
				B4B81CF01E28C3FF005D6E0A /* Frameworks */,
				B4B81CF11E28C3FF005D6E0A /* Resources */,
			);
			buildRules = (
			);
			dependencies = (
				B4B81CF51E28C3FF005D6E0A /* PBXTargetDependency */,
			);
			name = BWiOSDevelopmentToolsSwiftTests;
			productName = BWiOSDevelopmentToolsSwiftTests;
			productReference = B4B81CF31E28C3FF005D6E0A /* BWiOSDevelopmentToolsSwiftTests.xctest */;
			productType = "com.apple.product-type.bundle.unit-test";
		};
		B4B81CFD1E28C400005D6E0A /* BWiOSDevelopmentToolsSwiftUITests */ = {
			isa = PBXNativeTarget;
			buildConfigurationList = B4B81D0D1E28C400005D6E0A /* Build configuration list for PBXNativeTarget "BWiOSDevelopmentToolsSwiftUITests" */;
			buildPhases = (
				B4B81CFA1E28C400005D6E0A /* Sources */,
				B4B81CFB1E28C400005D6E0A /* Frameworks */,
				B4B81CFC1E28C400005D6E0A /* Resources */,
			);
			buildRules = (
			);
			dependencies = (
				B4B81D001E28C400005D6E0A /* PBXTargetDependency */,
			);
			name = BWiOSDevelopmentToolsSwiftUITests;
			productName = BWiOSDevelopmentToolsSwiftUITests;
			productReference = B4B81CFE1E28C400005D6E0A /* BWiOSDevelopmentToolsSwiftUITests.xctest */;
			productType = "com.apple.product-type.bundle.ui-testing";
		};
/* End PBXNativeTarget section */

/* Begin PBXProject section */
		B4B81CDA1E28C3FF005D6E0A /* Project object */ = {
			isa = PBXProject;
			attributes = {
				LastSwiftUpdateCheck = 0820;
				LastUpgradeCheck = 0820;
				ORGANIZATIONNAME = BobWongStudio;
				TargetAttributes = {
					B4B81CE11E28C3FF005D6E0A = {
						CreatedOnToolsVersion = 8.2.1;
						DevelopmentTeam = V3E8GUFW32;
						ProvisioningStyle = Automatic;
					};
					B4B81CF21E28C3FF005D6E0A = {
						CreatedOnToolsVersion = 8.2.1;
						DevelopmentTeam = V3E8GUFW32;
						ProvisioningStyle = Automatic;
						TestTargetID = B4B81CE11E28C3FF005D6E0A;
					};
					B4B81CFD1E28C400005D6E0A = {
						CreatedOnToolsVersion = 8.2.1;
						DevelopmentTeam = V3E8GUFW32;
						ProvisioningStyle = Automatic;
						TestTargetID = B4B81CE11E28C3FF005D6E0A;
					};
				};
			};
			buildConfigurationList = B4B81CDD1E28C3FF005D6E0A /* Build configuration list for PBXProject "BWiOSDevelopmentToolsSwift" */;
			compatibilityVersion = "Xcode 3.2";
			developmentRegion = English;
			hasScannedForEncodings = 0;
			knownRegions = (
				en,
				Base,
			);
			mainGroup = B4B81CD91E28C3FF005D6E0A;
			productRefGroup = B4B81CE31E28C3FF005D6E0A /* Products */;
			projectDirPath = "";
			projectRoot = "";
			targets = (
				B4B81CE11E28C3FF005D6E0A /* BWiOSDevelopmentToolsSwift */,
				B4B81CF21E28C3FF005D6E0A /* BWiOSDevelopmentToolsSwiftTests */,
				B4B81CFD1E28C400005D6E0A /* BWiOSDevelopmentToolsSwiftUITests */,
			);
		};
/* End PBXProject section */

/* Begin PBXResourcesBuildPhase section */
		B4B81CE01E28C3FF005D6E0A /* Resources */ = {
			isa = PBXResourcesBuildPhase;
			buildActionMask = 2147483647;
			files = (
				B4B81CEA1E28C3FF005D6E0A /* Assets.xcassets in Resources */,
				B4B81CED1E28C3FF005D6E0A /* Main.storyboard in Resources */,
				B4B81D5B1E28C71D005D6E0A /* generator_mvc.py in Resources */,
				B4B81D5E1E28C71D005D6E0A /* generator_ui_oc_.py in Resources */,
			);
			runOnlyForDeploymentPostprocessing = 0;
		};
		B4B81CF11E28C3FF005D6E0A /* Resources */ = {
			isa = PBXResourcesBuildPhase;
			buildActionMask = 2147483647;
			files = (
			);
			runOnlyForDeploymentPostprocessing = 0;
		};
		B4B81CFC1E28C400005D6E0A /* Resources */ = {
			isa = PBXResourcesBuildPhase;
			buildActionMask = 2147483647;
			files = (
			);
			runOnlyForDeploymentPostprocessing = 0;
		};
/* End PBXResourcesBuildPhase section */

/* Begin PBXSourcesBuildPhase section */
		B4B81CDE1E28C3FF005D6E0A /* Sources */ = {
			isa = PBXSourcesBuildPhase;
			buildActionMask = 2147483647;
			files = (
				B4B81D621E28C71D005D6E0A /* BWMVCGeneratorVC.swift in Sources */,
				B485ED341E2E11B600CA4197 /* BWFileSystemTool.swift in Sources */,
				B4B81CE61E28C3FF005D6E0A /* AppDelegate.swift in Sources */,
				B485ED311E2E0D7200CA4197 /* BWScriptTool.swift in Sources */,
				B4B81D611E28C71D005D6E0A /* BWMainVC.swift in Sources */,
				B4B81D631E28C71D005D6E0A /* BWUIPropertyGeneratorVC.swift in Sources */,
			);
			runOnlyForDeploymentPostprocessing = 0;
		};
		B4B81CEF1E28C3FF005D6E0A /* Sources */ = {
			isa = PBXSourcesBuildPhase;
			buildActionMask = 2147483647;
			files = (
				B4B81CF81E28C400005D6E0A /* BWiOSDevelopmentToolsSwiftTests.swift in Sources */,
			);
			runOnlyForDeploymentPostprocessing = 0;
		};
		B4B81CFA1E28C400005D6E0A /* Sources */ = {
			isa = PBXSourcesBuildPhase;
			buildActionMask = 2147483647;
			files = (
				B4B81D031E28C400005D6E0A /* BWiOSDevelopmentToolsSwiftUITests.swift in Sources */,
			);
			runOnlyForDeploymentPostprocessing = 0;
		};
/* End PBXSourcesBuildPhase section */

/* Begin PBXTargetDependency section */
		B4B81CF51E28C3FF005D6E0A /* PBXTargetDependency */ = {
			isa = PBXTargetDependency;
			target = B4B81CE11E28C3FF005D6E0A /* BWiOSDevelopmentToolsSwift */;
			targetProxy = B4B81CF41E28C3FF005D6E0A /* PBXContainerItemProxy */;
		};
		B4B81D001E28C400005D6E0A /* PBXTargetDependency */ = {
			isa = PBXTargetDependency;
			target = B4B81CE11E28C3FF005D6E0A /* BWiOSDevelopmentToolsSwift */;
			targetProxy = B4B81CFF1E28C400005D6E0A /* PBXContainerItemProxy */;
		};
/* End PBXTargetDependency section */

/* Begin PBXVariantGroup section */
		B4B81CEB1E28C3FF005D6E0A /* Main.storyboard */ = {
			isa = PBXVariantGroup;
			children = (
				B4B81CEC1E28C3FF005D6E0A /* Base */,
			);
			name = Main.storyboard;
			sourceTree = "<group>";
		};
/* End PBXVariantGroup section */

/* Begin XCBuildConfiguration section */
		B4B81D051E28C400005D6E0A /* Debug */ = {
			isa = XCBuildConfiguration;
			buildSettings = {
				ALWAYS_SEARCH_USER_PATHS = NO;
				CLANG_ANALYZER_NONNULL = YES;
				CLANG_CXX_LANGUAGE_STANDARD = "gnu++0x";
				CLANG_CXX_LIBRARY = "libc++";
				CLANG_ENABLE_MODULES = YES;
				CLANG_ENABLE_OBJC_ARC = YES;
				CLANG_WARN_BOOL_CONVERSION = YES;
				CLANG_WARN_CONSTANT_CONVERSION = YES;
				CLANG_WARN_DIRECT_OBJC_ISA_USAGE = YES_ERROR;
				CLANG_WARN_DOCUMENTATION_COMMENTS = YES;
				CLANG_WARN_EMPTY_BODY = YES;
				CLANG_WARN_ENUM_CONVERSION = YES;
				CLANG_WARN_INFINITE_RECURSION = YES;
				CLANG_WARN_INT_CONVERSION = YES;
				CLANG_WARN_OBJC_ROOT_CLASS = YES_ERROR;
				CLANG_WARN_SUSPICIOUS_MOVE = YES;
				CLANG_WARN_UNREACHABLE_CODE = YES;
				CLANG_WARN__DUPLICATE_METHOD_MATCH = YES;
				CODE_SIGN_IDENTITY = "-";
				COPY_PHASE_STRIP = NO;
				DEBUG_INFORMATION_FORMAT = dwarf;
				ENABLE_STRICT_OBJC_MSGSEND = YES;
				ENABLE_TESTABILITY = YES;
				GCC_C_LANGUAGE_STANDARD = gnu99;
				GCC_DYNAMIC_NO_PIC = NO;
				GCC_NO_COMMON_BLOCKS = YES;
				GCC_OPTIMIZATION_LEVEL = 0;
				GCC_PREPROCESSOR_DEFINITIONS = (
					"DEBUG=1",
					"$(inherited)",
				);
				GCC_WARN_64_TO_32_BIT_CONVERSION = YES;
				GCC_WARN_ABOUT_RETURN_TYPE = YES_ERROR;
				GCC_WARN_UNDECLARED_SELECTOR = YES;
				GCC_WARN_UNINITIALIZED_AUTOS = YES_AGGRESSIVE;
				GCC_WARN_UNUSED_FUNCTION = YES;
				GCC_WARN_UNUSED_VARIABLE = YES;
				MACOSX_DEPLOYMENT_TARGET = 10.11;
				MTL_ENABLE_DEBUG_INFO = YES;
				ONLY_ACTIVE_ARCH = YES;
				SDKROOT = macosx;
				SWIFT_ACTIVE_COMPILATION_CONDITIONS = DEBUG;
				SWIFT_OPTIMIZATION_LEVEL = "-Onone";
			};
			name = Debug;
		};
		B4B81D061E28C400005D6E0A /* Release */ = {
			isa = XCBuildConfiguration;
			buildSettings = {
				ALWAYS_SEARCH_USER_PATHS = NO;
				CLANG_ANALYZER_NONNULL = YES;
				CLANG_CXX_LANGUAGE_STANDARD = "gnu++0x";
				CLANG_CXX_LIBRARY = "libc++";
				CLANG_ENABLE_MODULES = YES;
				CLANG_ENABLE_OBJC_ARC = YES;
				CLANG_WARN_BOOL_CONVERSION = YES;
				CLANG_WARN_CONSTANT_CONVERSION = YES;
				CLANG_WARN_DIRECT_OBJC_ISA_USAGE = YES_ERROR;
				CLANG_WARN_DOCUMENTATION_COMMENTS = YES;
				CLANG_WARN_EMPTY_BODY = YES;
				CLANG_WARN_ENUM_CONVERSION = YES;
				CLANG_WARN_INFINITE_RECURSION = YES;
				CLANG_WARN_INT_CONVERSION = YES;
				CLANG_WARN_OBJC_ROOT_CLASS = YES_ERROR;
				CLANG_WARN_SUSPICIOUS_MOVE = YES;
				CLANG_WARN_UNREACHABLE_CODE = YES;
				CLANG_WARN__DUPLICATE_METHOD_MATCH = YES;
				CODE_SIGN_IDENTITY = "-";
				COPY_PHASE_STRIP = NO;
				DEBUG_INFORMATION_FORMAT = "dwarf-with-dsym";
				ENABLE_NS_ASSERTIONS = NO;
				ENABLE_STRICT_OBJC_MSGSEND = YES;
				GCC_C_LANGUAGE_STANDARD = gnu99;
				GCC_NO_COMMON_BLOCKS = YES;
				GCC_WARN_64_TO_32_BIT_CONVERSION = YES;
				GCC_WARN_ABOUT_RETURN_TYPE = YES_ERROR;
				GCC_WARN_UNDECLARED_SELECTOR = YES;
				GCC_WARN_UNINITIALIZED_AUTOS = YES_AGGRESSIVE;
				GCC_WARN_UNUSED_FUNCTION = YES;
				GCC_WARN_UNUSED_VARIABLE = YES;
				MACOSX_DEPLOYMENT_TARGET = 10.11;
				MTL_ENABLE_DEBUG_INFO = NO;
				SDKROOT = macosx;
				SWIFT_OPTIMIZATION_LEVEL = "-Owholemodule";
			};
			name = Release;
		};
		B4B81D081E28C400005D6E0A /* Debug */ = {
			isa = XCBuildConfiguration;
			buildSettings = {
				ASSETCATALOG_COMPILER_APPICON_NAME = AppIcon;
				COMBINE_HIDPI_IMAGES = YES;
				DEVELOPMENT_TEAM = V3E8GUFW32;
				INFOPLIST_FILE = BWiOSDevelopmentToolsSwift/Info.plist;
				LD_RUNPATH_SEARCH_PATHS = "$(inherited) @executable_path/../Frameworks";
				PRODUCT_BUNDLE_IDENTIFIER = com.bws.BWiOSDevelopmentToolsSwift;
				PRODUCT_NAME = "$(TARGET_NAME)";
				SWIFT_VERSION = 3.0;
			};
			name = Debug;
		};
		B4B81D091E28C400005D6E0A /* Release */ = {
			isa = XCBuildConfiguration;
			buildSettings = {
				ASSETCATALOG_COMPILER_APPICON_NAME = AppIcon;
				COMBINE_HIDPI_IMAGES = YES;
				DEVELOPMENT_TEAM = V3E8GUFW32;
				INFOPLIST_FILE = BWiOSDevelopmentToolsSwift/Info.plist;
				LD_RUNPATH_SEARCH_PATHS = "$(inherited) @executable_path/../Frameworks";
				PRODUCT_BUNDLE_IDENTIFIER = com.bws.BWiOSDevelopmentToolsSwift;
				PRODUCT_NAME = "$(TARGET_NAME)";
				SWIFT_VERSION = 3.0;
			};
			name = Release;
		};
		B4B81D0B1E28C400005D6E0A /* Debug */ = {
			isa = XCBuildConfiguration;
			buildSettings = {
				ALWAYS_EMBED_SWIFT_STANDARD_LIBRARIES = YES;
				BUNDLE_LOADER = "$(TEST_HOST)";
				COMBINE_HIDPI_IMAGES = YES;
				DEVELOPMENT_TEAM = V3E8GUFW32;
				INFOPLIST_FILE = BWiOSDevelopmentToolsSwiftTests/Info.plist;
				LD_RUNPATH_SEARCH_PATHS = "$(inherited) @executable_path/../Frameworks @loader_path/../Frameworks";
				PRODUCT_BUNDLE_IDENTIFIER = com.bws.BWiOSDevelopmentToolsSwiftTests;
				PRODUCT_NAME = "$(TARGET_NAME)";
				SWIFT_VERSION = 3.0;
				TEST_HOST = "$(BUILT_PRODUCTS_DIR)/BWiOSDevelopmentToolsSwift.app/Contents/MacOS/BWiOSDevelopmentToolsSwift";
			};
			name = Debug;
		};
		B4B81D0C1E28C400005D6E0A /* Release */ = {
			isa = XCBuildConfiguration;
			buildSettings = {
				ALWAYS_EMBED_SWIFT_STANDARD_LIBRARIES = YES;
				BUNDLE_LOADER = "$(TEST_HOST)";
				COMBINE_HIDPI_IMAGES = YES;
				DEVELOPMENT_TEAM = V3E8GUFW32;
				INFOPLIST_FILE = BWiOSDevelopmentToolsSwiftTests/Info.plist;
				LD_RUNPATH_SEARCH_PATHS = "$(inherited) @executable_path/../Frameworks @loader_path/../Frameworks";
				PRODUCT_BUNDLE_IDENTIFIER = com.bws.BWiOSDevelopmentToolsSwiftTests;
				PRODUCT_NAME = "$(TARGET_NAME)";
				SWIFT_VERSION = 3.0;
				TEST_HOST = "$(BUILT_PRODUCTS_DIR)/BWiOSDevelopmentToolsSwift.app/Contents/MacOS/BWiOSDevelopmentToolsSwift";
			};
			name = Release;
		};
		B4B81D0E1E28C400005D6E0A /* Debug */ = {
			isa = XCBuildConfiguration;
			buildSettings = {
				ALWAYS_EMBED_SWIFT_STANDARD_LIBRARIES = YES;
				COMBINE_HIDPI_IMAGES = YES;
				DEVELOPMENT_TEAM = V3E8GUFW32;
				INFOPLIST_FILE = BWiOSDevelopmentToolsSwiftUITests/Info.plist;
				LD_RUNPATH_SEARCH_PATHS = "$(inherited) @executable_path/../Frameworks @loader_path/../Frameworks";
				PRODUCT_BUNDLE_IDENTIFIER = com.bws.BWiOSDevelopmentToolsSwiftUITests;
				PRODUCT_NAME = "$(TARGET_NAME)";
				SWIFT_VERSION = 3.0;
				TEST_TARGET_NAME = BWiOSDevelopmentToolsSwift;
			};
			name = Debug;
		};
		B4B81D0F1E28C400005D6E0A /* Release */ = {
			isa = XCBuildConfiguration;
			buildSettings = {
				ALWAYS_EMBED_SWIFT_STANDARD_LIBRARIES = YES;
				COMBINE_HIDPI_IMAGES = YES;
				DEVELOPMENT_TEAM = V3E8GUFW32;
				INFOPLIST_FILE = BWiOSDevelopmentToolsSwiftUITests/Info.plist;
				LD_RUNPATH_SEARCH_PATHS = "$(inherited) @executable_path/../Frameworks @loader_path/../Frameworks";
				PRODUCT_BUNDLE_IDENTIFIER = com.bws.BWiOSDevelopmentToolsSwiftUITests;
				PRODUCT_NAME = "$(TARGET_NAME)";
				SWIFT_VERSION = 3.0;
				TEST_TARGET_NAME = BWiOSDevelopmentToolsSwift;
			};
			name = Release;
		};
/* End XCBuildConfiguration section */

/* Begin XCConfigurationList section */
		B4B81CDD1E28C3FF005D6E0A /* Build configuration list for PBXProject "BWiOSDevelopmentToolsSwift" */ = {
			isa = XCConfigurationList;
			buildConfigurations = (
				B4B81D051E28C400005D6E0A /* Debug */,
				B4B81D061E28C400005D6E0A /* Release */,
			);
			defaultConfigurationIsVisible = 0;
			defaultConfigurationName = Release;
		};
		B4B81D071E28C400005D6E0A /* Build configuration list for PBXNativeTarget "BWiOSDevelopmentToolsSwift" */ = {
			isa = XCConfigurationList;
			buildConfigurations = (
				B4B81D081E28C400005D6E0A /* Debug */,
				B4B81D091E28C400005D6E0A /* Release */,
			);
			defaultConfigurationIsVisible = 0;
			defaultConfigurationName = Release;
		};
		B4B81D0A1E28C400005D6E0A /* Build configuration list for PBXNativeTarget "BWiOSDevelopmentToolsSwiftTests" */ = {
			isa = XCConfigurationList;
			buildConfigurations = (
				B4B81D0B1E28C400005D6E0A /* Debug */,
				B4B81D0C1E28C400005D6E0A /* Release */,
			);
			defaultConfigurationIsVisible = 0;
			defaultConfigurationName = Release;
		};
		B4B81D0D1E28C400005D6E0A /* Build configuration list for PBXNativeTarget "BWiOSDevelopmentToolsSwiftUITests" */ = {
			isa = XCConfigurationList;
			buildConfigurations = (
				B4B81D0E1E28C400005D6E0A /* Debug */,
				B4B81D0F1E28C400005D6E0A /* Release */,
			);
			defaultConfigurationIsVisible = 0;
			defaultConfigurationName = Release;
		};
/* End XCConfigurationList section */
	};
	rootObject = B4B81CDA1E28C3FF005D6E0A /* Project object */;
}
